
Microsoft Visual Studio Solution File, Format Version 12.00
# Visual Studio 15
VisualStudioVersion = 15.0.28010.2036
MinimumVisualStudioVersion = 10.0.40219.1
Project("{FAE04EC0-301F-11D3-BF4B-00C04F79EFBC}") = "Homework", "Homework\Homework.csproj", "{D91322CD-F9F7-4E85-A293-4F16D1EB284A}"
EndProject
Global
	GlobalSection(SolutionConfigurationPlatforms) = preSolution
		Debug|Any CPU = Debug|Any CPU
		Release|Any CPU = Release|Any CPU
	EndGlobalSection
	GlobalSection(ProjectConfigurationPlatforms) = postSolution
		{D91322CD-F9F7-4E85-A293-4F16D1EB284A}.Debug|Any CPU.ActiveCfg = Debug|Any CPU
		{D91322CD-F9F7-4E85-A293-4F16D1EB284A}.Debug|Any CPU.Build.0 = Debug|Any CPU
		{D91322CD-F9F7-4E85-A293-4F16D1EB284A}.Release|Any CPU.ActiveCfg = Release|Any CPU
		{D91322CD-F9F7-4E85-A293-4F16D1EB284A}.Release|Any CPU.Build.0 = Release|Any CPU
	EndGlobalSection
	GlobalSection(SolutionProperties) = preSolution
		HideSolutionNode = FALSE
	EndGlobalSection
	GlobalSection(ExtensibilityGlobals) = postSolution
		SolutionGuid = {681402C7-5300-493B-A3F1-C52DA1E96C50}
	EndGlobalSection
EndGlobal
