
Microsoft Visual Studio Solution File, Format Version 12.00
# Visual Studio 15
VisualStudioVersion = 15.0.28010.2036
MinimumVisualStudioVersion = 10.0.40219.1
Project("{FAE04EC0-301F-11D3-BF4B-00C04F79EFBC}") = "days of week", "Homework\days of week.csproj", "{D91322CD-F9F7-4E85-A293-4F16D1EB284A}"
EndProject
Project("{FAE04EC0-301F-11D3-BF4B-00C04F79EFBC}") = "days of week switch", "days of week\days of week switch.csproj", "{36E4740C-3300-4A57-81B3-1FAEF4C2A6AA}"
EndProject
Project("{FAE04EC0-301F-11D3-BF4B-00C04F79EFBC}") = "letter", "letter\letter.csproj", "{49EEC52A-E211-43AA-99A0-7A54549DF667}"
EndProject
Project("{FAE04EC0-301F-11D3-BF4B-00C04F79EFBC}") = "geometric figures", "geometric figures\geometric figures.csproj", "{174F003B-0513-4629-AC71-AFE84EE3C07F}"
EndProject
Global
	GlobalSection(SolutionConfigurationPlatforms) = preSolution
		Debug|Any CPU = Debug|Any CPU
		Release|Any CPU = Release|Any CPU
	EndGlobalSection
	GlobalSection(ProjectConfigurationPlatforms) = postSolution
		{D91322CD-F9F7-4E85-A293-4F16D1EB284A}.Debug|Any CPU.ActiveCfg = Debug|Any CPU
		{D91322CD-F9F7-4E85-A293-4F16D1EB284A}.Debug|Any CPU.Build.0 = Debug|Any CPU
		{D91322CD-F9F7-4E85-A293-4F16D1EB284A}.Release|Any CPU.ActiveCfg = Release|Any CPU
		{D91322CD-F9F7-4E85-A293-4F16D1EB284A}.Release|Any CPU.Build.0 = Release|Any CPU
		{36E4740C-3300-4A57-81B3-1FAEF4C2A6AA}.Debug|Any CPU.ActiveCfg = Debug|Any CPU
		{36E4740C-3300-4A57-81B3-1FAEF4C2A6AA}.Debug|Any CPU.Build.0 = Debug|Any CPU
		{36E4740C-3300-4A57-81B3-1FAEF4C2A6AA}.Release|Any CPU.ActiveCfg = Release|Any CPU
		{36E4740C-3300-4A57-81B3-1FAEF4C2A6AA}.Release|Any CPU.Build.0 = Release|Any CPU
		{49EEC52A-E211-43AA-99A0-7A54549DF667}.Debug|Any CPU.ActiveCfg = Debug|Any CPU
		{49EEC52A-E211-43AA-99A0-7A54549DF667}.Debug|Any CPU.Build.0 = Debug|Any CPU
		{49EEC52A-E211-43AA-99A0-7A54549DF667}.Release|Any CPU.ActiveCfg = Release|Any CPU
		{49EEC52A-E211-43AA-99A0-7A54549DF667}.Release|Any CPU.Build.0 = Release|Any CPU
		{174F003B-0513-4629-AC71-AFE84EE3C07F}.Debug|Any CPU.ActiveCfg = Debug|Any CPU
		{174F003B-0513-4629-AC71-AFE84EE3C07F}.Debug|Any CPU.Build.0 = Debug|Any CPU
		{174F003B-0513-4629-AC71-AFE84EE3C07F}.Release|Any CPU.ActiveCfg = Release|Any CPU
		{174F003B-0513-4629-AC71-AFE84EE3C07F}.Release|Any CPU.Build.0 = Release|Any CPU
	EndGlobalSection
	GlobalSection(SolutionProperties) = preSolution
		HideSolutionNode = FALSE
	EndGlobalSection
	GlobalSection(ExtensibilityGlobals) = postSolution
		SolutionGuid = {681402C7-5300-493B-A3F1-C52DA1E96C50}
	EndGlobalSection
EndGlobal
